
Microsoft Visual Studio Solution File, Format Version 12.00
# Visual Studio 15
Project("{FAE04EC0-301F-11D3-BF4B-00C04F79EFBC}") = "Game2D v.0.2", "Game2D v.0.2.csproj", "{0F415490-0146-064D-3635-54F5FF99C341}"
EndProject
Global
	GlobalSection(SolutionConfigurationPlatforms) = preSolution
		Debug|Any CPU = Debug|Any CPU
		Release|Any CPU = Release|Any CPU
	EndGlobalSection
	GlobalSection(ProjectConfigurationPlatforms) = postSolution
		{0F415490-0146-064D-3635-54F5FF99C341}.Debug|Any CPU.ActiveCfg = Debug|Any CPU
		{0F415490-0146-064D-3635-54F5FF99C341}.Debug|Any CPU.Build.0 = Debug|Any CPU
		{0F415490-0146-064D-3635-54F5FF99C341}.Release|Any CPU.ActiveCfg = Release|Any CPU
		{0F415490-0146-064D-3635-54F5FF99C341}.Release|Any CPU.Build.0 = Release|Any CPU
	EndGlobalSection
	GlobalSection(SolutionProperties) = preSolution
		HideSolutionNode = FALSE
	EndGlobalSection
EndGlobal
