
Microsoft Visual Studio Solution File, Format Version 11.00
# Visual Studio 2010
Project("{FAE04EC0-301F-11D3-BF4B-00C04F79EFBC}") = "Game2D v.0.3 (2players&plataforms)", "Assembly-CSharp.csproj", "{00313775-F28E-1288-19F0-7F5511F320EA}"
EndProject
Global
	GlobalSection(SolutionConfigurationPlatforms) = preSolution
		Debug|Any CPU = Debug|Any CPU
		Release|Any CPU = Release|Any CPU
	EndGlobalSection
	GlobalSection(ProjectConfigurationPlatforms) = postSolution
		{00313775-F28E-1288-19F0-7F5511F320EA}.Debug|Any CPU.ActiveCfg = Debug|Any CPU
		{00313775-F28E-1288-19F0-7F5511F320EA}.Debug|Any CPU.Build.0 = Debug|Any CPU
		{00313775-F28E-1288-19F0-7F5511F320EA}.Release|Any CPU.ActiveCfg = Release|Any CPU
		{00313775-F28E-1288-19F0-7F5511F320EA}.Release|Any CPU.Build.0 = Release|Any CPU
	EndGlobalSection
	GlobalSection(SolutionProperties) = preSolution
		HideSolutionNode = FALSE
	EndGlobalSection
	GlobalSection(MonoDevelopProperties) = preSolution
		StartupItem = Assembly-CSharp.csproj
	EndGlobalSection
EndGlobal
